
Microsoft Visual Studio Solution File, Format Version 12.00
# Visual Studio Version 16
VisualStudioVersion = 16.0.29911.84
MinimumVisualStudioVersion = 10.0.40219.1
Project("{FAE04EC0-301F-11D3-BF4B-00C04F79EFBC}") = "ProjetoModelo.Infra.Data", "ProjetoModelo.Infra.Data\ProjetoModelo.Infra.Data.csproj", "{C8DE7048-C199-4E19-A11A-68D1EDD4F0C6}"
EndProject
Project("{FAE04EC0-301F-11D3-BF4B-00C04F79EFBC}") = "ProjetoModelo.Domain", "ProjetoModelo.Domain\ProjetoModelo.Domain.csproj", "{664662B7-0125-4B1B-ADC3-19469DF2F634}"
EndProject
Project("{FAE04EC0-301F-11D3-BF4B-00C04F79EFBC}") = "ProjetoModelo.Application", "ProjetoModelo.Application\ProjetoModelo.Application.csproj", "{1E5D5B67-6081-4BFE-9DB4-7073E7C1F595}"
EndProject
Project("{FAE04EC0-301F-11D3-BF4B-00C04F79EFBC}") = "ProjetoModelo.Infra.IoC", "ProjetoModelo.Infra.IoC\ProjetoModelo.Infra.IoC.csproj", "{D78DDB06-C3F1-45B9-A87C-23AC8E1DB94E}"
EndProject
Project("{FAE04EC0-301F-11D3-BF4B-00C04F79EFBC}") = "ProjetoModelo.API", "ProjetoModelo.API\ProjetoModelo.API.csproj", "{D523640B-0098-466E-AA17-DD067253114A}"
EndProject
Project("{FAE04EC0-301F-11D3-BF4B-00C04F79EFBC}") = "ProjetoModelo.Utilities", "ProjetoModelo.Utilities\ProjetoModelo.Utilities.csproj", "{DA56ACB4-5DA1-4810-8A37-64AA3230B84F}"
EndProject
Global
	GlobalSection(SolutionConfigurationPlatforms) = preSolution
		Debug|Any CPU = Debug|Any CPU
		Release|Any CPU = Release|Any CPU
	EndGlobalSection
	GlobalSection(ProjectConfigurationPlatforms) = postSolution
		{C8DE7048-C199-4E19-A11A-68D1EDD4F0C6}.Debug|Any CPU.ActiveCfg = Debug|Any CPU
		{C8DE7048-C199-4E19-A11A-68D1EDD4F0C6}.Debug|Any CPU.Build.0 = Debug|Any CPU
		{C8DE7048-C199-4E19-A11A-68D1EDD4F0C6}.Release|Any CPU.ActiveCfg = Release|Any CPU
		{C8DE7048-C199-4E19-A11A-68D1EDD4F0C6}.Release|Any CPU.Build.0 = Release|Any CPU
		{664662B7-0125-4B1B-ADC3-19469DF2F634}.Debug|Any CPU.ActiveCfg = Debug|Any CPU
		{664662B7-0125-4B1B-ADC3-19469DF2F634}.Debug|Any CPU.Build.0 = Debug|Any CPU
		{664662B7-0125-4B1B-ADC3-19469DF2F634}.Release|Any CPU.ActiveCfg = Release|Any CPU
		{664662B7-0125-4B1B-ADC3-19469DF2F634}.Release|Any CPU.Build.0 = Release|Any CPU
		{1E5D5B67-6081-4BFE-9DB4-7073E7C1F595}.Debug|Any CPU.ActiveCfg = Debug|Any CPU
		{1E5D5B67-6081-4BFE-9DB4-7073E7C1F595}.Debug|Any CPU.Build.0 = Debug|Any CPU
		{1E5D5B67-6081-4BFE-9DB4-7073E7C1F595}.Release|Any CPU.ActiveCfg = Release|Any CPU
		{1E5D5B67-6081-4BFE-9DB4-7073E7C1F595}.Release|Any CPU.Build.0 = Release|Any CPU
		{D78DDB06-C3F1-45B9-A87C-23AC8E1DB94E}.Debug|Any CPU.ActiveCfg = Debug|Any CPU
		{D78DDB06-C3F1-45B9-A87C-23AC8E1DB94E}.Debug|Any CPU.Build.0 = Debug|Any CPU
		{D78DDB06-C3F1-45B9-A87C-23AC8E1DB94E}.Release|Any CPU.ActiveCfg = Release|Any CPU
		{D78DDB06-C3F1-45B9-A87C-23AC8E1DB94E}.Release|Any CPU.Build.0 = Release|Any CPU
		{D523640B-0098-466E-AA17-DD067253114A}.Debug|Any CPU.ActiveCfg = Debug|Any CPU
		{D523640B-0098-466E-AA17-DD067253114A}.Debug|Any CPU.Build.0 = Debug|Any CPU
		{D523640B-0098-466E-AA17-DD067253114A}.Release|Any CPU.ActiveCfg = Release|Any CPU
		{D523640B-0098-466E-AA17-DD067253114A}.Release|Any CPU.Build.0 = Release|Any CPU
		{DA56ACB4-5DA1-4810-8A37-64AA3230B84F}.Debug|Any CPU.ActiveCfg = Debug|Any CPU
		{DA56ACB4-5DA1-4810-8A37-64AA3230B84F}.Debug|Any CPU.Build.0 = Debug|Any CPU
		{DA56ACB4-5DA1-4810-8A37-64AA3230B84F}.Release|Any CPU.ActiveCfg = Release|Any CPU
		{DA56ACB4-5DA1-4810-8A37-64AA3230B84F}.Release|Any CPU.Build.0 = Release|Any CPU
	EndGlobalSection
	GlobalSection(SolutionProperties) = preSolution
		HideSolutionNode = FALSE
	EndGlobalSection
	GlobalSection(ExtensibilityGlobals) = postSolution
		SolutionGuid = {39C9E4CB-E82F-453F-883B-83EB718FA644}
	EndGlobalSection
EndGlobal
